
Microsoft Visual Studio Solution File, Format Version 12.00
# Visual Studio Version 16
VisualStudioVersion = 16.0.28803.452
MinimumVisualStudioVersion = 10.0.40219.1
Project("{FAE04EC0-301F-11D3-BF4B-00C04F79EFBC}") = "OrderAndInvoicingSystem3", "OrderAndInvoicingSystem3.csproj", "{D65F1741-CA81-46AB-BABE-89ECAA318D83}"
EndProject
Global
	GlobalSection(SolutionConfigurationPlatforms) = preSolution
		Debug|Any CPU = Debug|Any CPU
		Release|Any CPU = Release|Any CPU
	EndGlobalSection
	GlobalSection(ProjectConfigurationPlatforms) = postSolution
		{D65F1741-CA81-46AB-BABE-89ECAA318D83}.Debug|Any CPU.ActiveCfg = Debug|Any CPU
		{D65F1741-CA81-46AB-BABE-89ECAA318D83}.Debug|Any CPU.Build.0 = Debug|Any CPU
		{D65F1741-CA81-46AB-BABE-89ECAA318D83}.Release|Any CPU.ActiveCfg = Release|Any CPU
		{D65F1741-CA81-46AB-BABE-89ECAA318D83}.Release|Any CPU.Build.0 = Release|Any CPU
	EndGlobalSection
	GlobalSection(SolutionProperties) = preSolution
		HideSolutionNode = FALSE
	EndGlobalSection
	GlobalSection(ExtensibilityGlobals) = postSolution
		SolutionGuid = {5BC63271-6782-4C9E-958D-1D5027412C3C}
	EndGlobalSection
EndGlobal
